{
  "version": 4,
  "terraform_version": "1.13.1",
  "serial": 12,
  "lineage": "ad4e38c2-4288-ad67-4a05-0bc4ad3baf5e",
  "outputs": {},
  "resources": [
    {
      "mode": "managed",
      "type": "azurerm_linux_virtual_machine",
      "name": "main",
      "provider": "provider[\"registry.terraform.io/hashicorp/azurerm\"]",
      "instances": [
        {
          "schema_version": 0,
          "attributes": {
            "additional_capabilities": [],
            "admin_password": null,
            "admin_ssh_key": [
              {
                "public_key": "ssh-ed25519 AAAAC3NzaC1lZDI1NTE5AAAAIO//WLfFyY/Bzcog4nlCQf9eNTx8hPoJEX2g/z2tMFNR cloud_tp1\r\n",
                "username": "djamil"
              }
            ],
            "admin_username": "djamil",
            "allow_extension_operations": true,
            "availability_set_id": "",
            "boot_diagnostics": [],
            "bypass_platform_safety_checks_on_user_schedule_enabled": false,
            "capacity_reservation_group_id": "",
            "computer_name": "super-vm",
            "custom_data": null,
            "dedicated_host_group_id": "",
            "dedicated_host_id": "",
            "disable_password_authentication": true,
            "disk_controller_type": "",
            "edge_zone": "",
            "encryption_at_host_enabled": false,
            "eviction_policy": "",
            "extensions_time_budget": "PT1H30M",
            "gallery_application": [],
            "id": "/subscriptions/344fb974-6d09-41dc-b4d0-77bf422b1b8e/resourceGroups/Azure_Test/providers/Microsoft.Compute/virtualMachines/super-vm",
            "identity": [],
            "license_type": "",
            "location": "francecentral",
            "max_bid_price": -1,
            "name": "super-vm",
            "network_interface_ids": [
              "/subscriptions/344fb974-6d09-41dc-b4d0-77bf422b1b8e/resourceGroups/Azure_Test/providers/Microsoft.Network/networkInterfaces/vm-nic"
            ],
            "os_disk": [
              {
                "caching": "ReadWrite",
                "diff_disk_settings": [],
                "disk_encryption_set_id": "",
                "disk_size_gb": 30,
                "id": "/subscriptions/344fb974-6d09-41dc-b4d0-77bf422b1b8e/resourceGroups/Azure_Test/providers/Microsoft.Compute/disks/vm-os-disk",
                "name": "vm-os-disk",
                "secure_vm_disk_encryption_set_id": "",
                "security_encryption_type": "",
                "storage_account_type": "Standard_LRS",
                "write_accelerator_enabled": false
              }
            ],
            "os_image_notification": [],
            "os_managed_disk_id": "/subscriptions/344fb974-6d09-41dc-b4d0-77bf422b1b8e/resourceGroups/Azure_Test/providers/Microsoft.Compute/disks/vm-os-disk",
            "patch_assessment_mode": "ImageDefault",
            "patch_mode": "ImageDefault",
            "plan": [],
            "platform_fault_domain": -1,
            "priority": "Regular",
            "private_ip_address": "10.0.1.4",
            "private_ip_addresses": [
              "10.0.1.4"
            ],
            "provision_vm_agent": true,
            "proximity_placement_group_id": "",
            "public_ip_address": "4.211.133.212",
            "public_ip_addresses": [
              "4.211.133.212"
            ],
            "reboot_setting": "",
            "resource_group_name": "Azure_Test",
            "secret": [],
            "secure_boot_enabled": false,
            "size": "Standard_B1s",
            "source_image_id": "",
            "source_image_reference": [
              {
                "offer": "0001-com-ubuntu-server-focal",
                "publisher": "Canonical",
                "sku": "20_04-lts",
                "version": "latest"
              }
            ],
            "tags": null,
            "termination_notification": null,
            "timeouts": null,
            "user_data": "",
            "virtual_machine_id": "d6a301b4-0faf-44c0-b9ca-89398025a1ed",
            "virtual_machine_scale_set_id": "",
            "vm_agent_platform_updates_enabled": false,
            "vtpm_enabled": false,
            "zone": ""
          },
          "sensitive_attributes": [
            [
              {
                "type": "get_attr",
                "value": "admin_password"
              }
            ],
            [
              {
                "type": "get_attr",
                "value": "custom_data"
              }
            ]
          ],
          "identity_schema_version": 0,
          "private": "eyJlMmJmYjczMC1lY2FhLTExZTYtOGY4OC0zNDM2M2JjN2M0YzAiOnsiY3JlYXRlIjoyNzAwMDAwMDAwMDAwLCJkZWxldGUiOjI3MDAwMDAwMDAwMDAsInJlYWQiOjMwMDAwMDAwMDAwMCwidXBkYXRlIjoyNzAwMDAwMDAwMDAwfX0=",
          "dependencies": [
            "azurerm_network_interface.main",
            "azurerm_public_ip.main",
            "azurerm_resource_group.main",
            "azurerm_subnet.main",
            "azurerm_virtual_network.main"
          ]
        }
      ]
    },
    {
      "mode": "managed",
      "type": "azurerm_network_interface",
      "name": "main",
      "provider": "provider[\"registry.terraform.io/hashicorp/azurerm\"]",
      "instances": [
        {
          "schema_version": 0,
          "attributes": {
            "accelerated_networking_enabled": false,
            "applied_dns_servers": [],
            "auxiliary_mode": "",
            "auxiliary_sku": "",
            "dns_servers": null,
            "edge_zone": "",
            "id": "/subscriptions/344fb974-6d09-41dc-b4d0-77bf422b1b8e/resourceGroups/Azure_Test/providers/Microsoft.Network/networkInterfaces/vm-nic",
            "internal_dns_name_label": "",
            "internal_domain_name_suffix": "lfia3dq5s2uetdwpp0w3m5icze.parx.internal.cloudapp.net",
            "ip_configuration": [
              {
                "gateway_load_balancer_frontend_ip_configuration_id": "",
                "name": "internal",
                "primary": true,
                "private_ip_address": "10.0.1.4",
                "private_ip_address_allocation": "Dynamic",
                "private_ip_address_version": "IPv4",
                "public_ip_address_id": "/subscriptions/344fb974-6d09-41dc-b4d0-77bf422b1b8e/resourceGroups/Azure_Test/providers/Microsoft.Network/publicIPAddresses/vm-ip",
                "subnet_id": "/subscriptions/344fb974-6d09-41dc-b4d0-77bf422b1b8e/resourceGroups/Azure_Test/providers/Microsoft.Network/virtualNetworks/vm-vnet/subnets/vm-subnet"
              }
            ],
            "ip_forwarding_enabled": false,
            "location": "francecentral",
            "mac_address": "",
            "name": "vm-nic",
            "private_ip_address": "10.0.1.4",
            "private_ip_addresses": [
              "10.0.1.4"
            ],
            "resource_group_name": "Azure_Test",
            "tags": null,
            "timeouts": null,
            "virtual_machine_id": ""
          },
          "sensitive_attributes": [],
          "identity_schema_version": 0,
          "identity": {
            "name": "vm-nic",
            "resource_group_name": "Azure_Test",
            "subscription_id": "344fb974-6d09-41dc-b4d0-77bf422b1b8e"
          },
          "private": "eyJlMmJmYjczMC1lY2FhLTExZTYtOGY4OC0zNDM2M2JjN2M0YzAiOnsiY3JlYXRlIjoxODAwMDAwMDAwMDAwLCJkZWxldGUiOjE4MDAwMDAwMDAwMDAsInJlYWQiOjMwMDAwMDAwMDAwMCwidXBkYXRlIjoxODAwMDAwMDAwMDAwfX0=",
          "dependencies": [
            "azurerm_public_ip.main",
            "azurerm_resource_group.main",
            "azurerm_subnet.main",
            "azurerm_virtual_network.main"
          ]
        }
      ]
    },
    {
      "mode": "managed",
      "type": "azurerm_public_ip",
      "name": "main",
      "provider": "provider[\"registry.terraform.io/hashicorp/azurerm\"]",
      "instances": [
        {
          "schema_version": 0,
          "attributes": {
            "allocation_method": "Static",
            "ddos_protection_mode": "VirtualNetworkInherited",
            "ddos_protection_plan_id": null,
            "domain_name_label": null,
            "domain_name_label_scope": null,
            "edge_zone": "",
            "fqdn": null,
            "id": "/subscriptions/344fb974-6d09-41dc-b4d0-77bf422b1b8e/resourceGroups/Azure_Test/providers/Microsoft.Network/publicIPAddresses/vm-ip",
            "idle_timeout_in_minutes": 4,
            "ip_address": "4.211.133.212",
            "ip_tags": null,
            "ip_version": "IPv4",
            "location": "francecentral",
            "name": "vm-ip",
            "public_ip_prefix_id": null,
            "resource_group_name": "Azure_Test",
            "reverse_fqdn": null,
            "sku": "Standard",
            "sku_tier": "Regional",
            "tags": null,
            "timeouts": null,
            "zones": null
          },
          "sensitive_attributes": [],
          "identity_schema_version": 0,
          "private": "eyJlMmJmYjczMC1lY2FhLTExZTYtOGY4OC0zNDM2M2JjN2M0YzAiOnsiY3JlYXRlIjoxODAwMDAwMDAwMDAwLCJkZWxldGUiOjE4MDAwMDAwMDAwMDAsInJlYWQiOjMwMDAwMDAwMDAwMCwidXBkYXRlIjoxODAwMDAwMDAwMDAwfX0=",
          "dependencies": [
            "azurerm_resource_group.main"
          ]
        }
      ]
    },
    {
      "mode": "managed",
      "type": "azurerm_resource_group",
      "name": "main",
      "provider": "provider[\"registry.terraform.io/hashicorp/azurerm\"]",
      "instances": [
        {
          "schema_version": 0,
          "attributes": {
            "id": "/subscriptions/344fb974-6d09-41dc-b4d0-77bf422b1b8e/resourceGroups/Azure_Test",
            "location": "francecentral",
            "managed_by": "",
            "name": "Azure_Test",
            "tags": {},
            "timeouts": null
          },
          "sensitive_attributes": [],
          "identity_schema_version": 0,
          "private": "eyJlMmJmYjczMC1lY2FhLTExZTYtOGY4OC0zNDM2M2JjN2M0YzAiOnsiY3JlYXRlIjo1NDAwMDAwMDAwMDAwLCJkZWxldGUiOjU0MDAwMDAwMDAwMDAsInJlYWQiOjMwMDAwMDAwMDAwMCwidXBkYXRlIjo1NDAwMDAwMDAwMDAwfX0="
        }
      ]
    },
    {
      "mode": "managed",
      "type": "azurerm_subnet",
      "name": "main",
      "provider": "provider[\"registry.terraform.io/hashicorp/azurerm\"]",
      "instances": [
        {
          "schema_version": 0,
          "attributes": {
            "address_prefixes": [
              "10.0.1.0/24"
            ],
            "default_outbound_access_enabled": true,
            "delegation": [],
            "id": "/subscriptions/344fb974-6d09-41dc-b4d0-77bf422b1b8e/resourceGroups/Azure_Test/providers/Microsoft.Network/virtualNetworks/vm-vnet/subnets/vm-subnet",
            "ip_address_pool": [],
            "name": "vm-subnet",
            "private_endpoint_network_policies": "Disabled",
            "private_link_service_network_policies_enabled": true,
            "resource_group_name": "Azure_Test",
            "service_endpoint_policy_ids": [],
            "service_endpoints": [],
            "timeouts": null,
            "virtual_network_name": "vm-vnet"
          },
          "sensitive_attributes": [],
          "identity_schema_version": 0,
          "identity": {
            "name": "vm-subnet",
            "resource_group_name": "Azure_Test",
            "subscription_id": "344fb974-6d09-41dc-b4d0-77bf422b1b8e",
            "virtual_network_name": "vm-vnet"
          },
          "private": "eyJlMmJmYjczMC1lY2FhLTExZTYtOGY4OC0zNDM2M2JjN2M0YzAiOnsiY3JlYXRlIjoxODAwMDAwMDAwMDAwLCJkZWxldGUiOjE4MDAwMDAwMDAwMDAsInJlYWQiOjMwMDAwMDAwMDAwMCwidXBkYXRlIjoxODAwMDAwMDAwMDAwfX0=",
          "dependencies": [
            "azurerm_resource_group.main",
            "azurerm_virtual_network.main"
          ]
        }
      ]
    },
    {
      "mode": "managed",
      "type": "azurerm_virtual_network",
      "name": "main",
      "provider": "provider[\"registry.terraform.io/hashicorp/azurerm\"]",
      "instances": [
        {
          "schema_version": 0,
          "attributes": {
            "address_space": [
              "10.0.0.0/16"
            ],
            "bgp_community": "",
            "ddos_protection_plan": [],
            "dns_servers": [],
            "edge_zone": "",
            "encryption": [],
            "flow_timeout_in_minutes": 0,
            "guid": "8e0e5059-971f-4928-8ecf-7eadd67d02cc",
            "id": "/subscriptions/344fb974-6d09-41dc-b4d0-77bf422b1b8e/resourceGroups/Azure_Test/providers/Microsoft.Network/virtualNetworks/vm-vnet",
            "ip_address_pool": [],
            "location": "francecentral",
            "name": "vm-vnet",
            "private_endpoint_vnet_policies": "Disabled",
            "resource_group_name": "Azure_Test",
            "subnet": [
              {
                "address_prefixes": [
                  "10.0.1.0/24"
                ],
                "default_outbound_access_enabled": true,
                "delegation": [],
                "id": "/subscriptions/344fb974-6d09-41dc-b4d0-77bf422b1b8e/resourceGroups/Azure_Test/providers/Microsoft.Network/virtualNetworks/vm-vnet/subnets/vm-subnet",
                "name": "vm-subnet",
                "private_endpoint_network_policies": "Disabled",
                "private_link_service_network_policies_enabled": true,
                "route_table_id": "",
                "security_group": "",
                "service_endpoint_policy_ids": [],
                "service_endpoints": []
              }
            ],
            "tags": {},
            "timeouts": null
          },
          "sensitive_attributes": [],
          "identity_schema_version": 0,
          "identity": {
            "name": "vm-vnet",
            "resource_group_name": "Azure_Test",
            "subscription_id": "344fb974-6d09-41dc-b4d0-77bf422b1b8e"
          },
          "private": "eyJlMmJmYjczMC1lY2FhLTExZTYtOGY4OC0zNDM2M2JjN2M0YzAiOnsiY3JlYXRlIjoxODAwMDAwMDAwMDAwLCJkZWxldGUiOjE4MDAwMDAwMDAwMDAsInJlYWQiOjMwMDAwMDAwMDAwMCwidXBkYXRlIjoxODAwMDAwMDAwMDAwfX0=",
          "dependencies": [
            "azurerm_resource_group.main"
          ]
        }
      ]
    }
  ],
  "check_results": null
}
